github.com/heromicro/slurmrestapi.go v0.0.1 h1:q4OO4nSem44RZPbjN0jcbggVIM7zqMN5GYRRjbczD50=
github.com/heromicro/slurmrestapi.go v0.0.1/go.mod h1:RaIqJ+pt2ehglJOVVajhV19tRkv6ockcBrwk3BP475A=
github.com/heromicro/slurmrestapi.go v0.0.2-0.20230525101520-44d76abacd90 h1:E6MEWRXTXHhnOIwV6B2fp6kd1Avj4o3izYeqRRHEF5c=
github.com/heromicro/slurmrestapi.go v0.0.2-0.20230525101520-44d76abacd90/go.mod h1:Ygo7J5DqR8P9l9FNebjYRboBjBtlY4MAN0Tpk4Y5qJw=
